
Microsoft Visual Studio Solution File, Format Version 12.00
# Visual Studio Version 17
VisualStudioVersion = 17.3.32819.101
MinimumVisualStudioVersion = 10.0.40219.1
Project("{FAE04EC0-301F-11D3-BF4B-00C04F79EFBC}") = "API", "API\API.csproj", "{B308E7D7-76A3-46A0-BEE4-E11A606240C2}"
EndProject
Project("{FAE04EC0-301F-11D3-BF4B-00C04F79EFBC}") = "Core", "Core\Core.csproj", "{FAB69B17-85EE-40C3-81B8-D424AECF63D5}"
EndProject
Global
	GlobalSection(SolutionConfigurationPlatforms) = preSolution
		Debug|Any CPU = Debug|Any CPU
		Release|Any CPU = Release|Any CPU
	EndGlobalSection
	GlobalSection(ProjectConfigurationPlatforms) = postSolution
		{B308E7D7-76A3-46A0-BEE4-E11A606240C2}.Debug|Any CPU.ActiveCfg = Debug|Any CPU
		{B308E7D7-76A3-46A0-BEE4-E11A606240C2}.Debug|Any CPU.Build.0 = Debug|Any CPU
		{B308E7D7-76A3-46A0-BEE4-E11A606240C2}.Release|Any CPU.ActiveCfg = Release|Any CPU
		{B308E7D7-76A3-46A0-BEE4-E11A606240C2}.Release|Any CPU.Build.0 = Release|Any CPU
		{FAB69B17-85EE-40C3-81B8-D424AECF63D5}.Debug|Any CPU.ActiveCfg = Debug|Any CPU
		{FAB69B17-85EE-40C3-81B8-D424AECF63D5}.Debug|Any CPU.Build.0 = Debug|Any CPU
		{FAB69B17-85EE-40C3-81B8-D424AECF63D5}.Release|Any CPU.ActiveCfg = Release|Any CPU
		{FAB69B17-85EE-40C3-81B8-D424AECF63D5}.Release|Any CPU.Build.0 = Release|Any CPU
	EndGlobalSection
	GlobalSection(SolutionProperties) = preSolution
		HideSolutionNode = FALSE
	EndGlobalSection
	GlobalSection(ExtensibilityGlobals) = postSolution
		SolutionGuid = {D9A5A0DA-B08C-4A23-8F05-D95763E71D48}
	EndGlobalSection
EndGlobal
